
Microsoft Visual Studio Solution File, Format Version 12.00
# Visual Studio Version 16
VisualStudioVersion = 16.0.29911.84
MinimumVisualStudioVersion = 10.0.40219.1
Project("{FAE04EC0-301F-11D3-BF4B-00C04F79EFBC}") = "Structural Similarity Index", "Structural Similarity Index\Structural Similarity Index.csproj", "{975F28CA-B16D-40C9-AEAF-CACB86835569}"
EndProject
Global
	GlobalSection(SolutionConfigurationPlatforms) = preSolution
		Debug|Any CPU = Debug|Any CPU
		Release|Any CPU = Release|Any CPU
	EndGlobalSection
	GlobalSection(ProjectConfigurationPlatforms) = postSolution
		{975F28CA-B16D-40C9-AEAF-CACB86835569}.Debug|Any CPU.ActiveCfg = Debug|Any CPU
		{975F28CA-B16D-40C9-AEAF-CACB86835569}.Debug|Any CPU.Build.0 = Debug|Any CPU
		{975F28CA-B16D-40C9-AEAF-CACB86835569}.Release|Any CPU.ActiveCfg = Release|Any CPU
		{975F28CA-B16D-40C9-AEAF-CACB86835569}.Release|Any CPU.Build.0 = Release|Any CPU
	EndGlobalSection
	GlobalSection(SolutionProperties) = preSolution
		HideSolutionNode = FALSE
	EndGlobalSection
	GlobalSection(ExtensibilityGlobals) = postSolution
		SolutionGuid = {F698E519-3642-47C9-A67C-9CD2ADAA4332}
	EndGlobalSection
EndGlobal
